
Microsoft Visual Studio Solution File, Format Version 12.00
# Visual Studio Version 17
VisualStudioVersion = 17.11.35219.272
MinimumVisualStudioVersion = 10.0.40219.1
Project("{FAE04EC0-301F-11D3-BF4B-00C04F79EFBC}") = "MoonJumpHack", "MoonJumpHack\MoonJumpHack.csproj", "{598932DC-E9D0-4F36-A682-437FB2945BDA}"
EndProject
Global
	GlobalSection(SolutionConfigurationPlatforms) = preSolution
		Debug|Any CPU = Debug|Any CPU
		Release|Any CPU = Release|Any CPU
	EndGlobalSection
	GlobalSection(ProjectConfigurationPlatforms) = postSolution
		{598932DC-E9D0-4F36-A682-437FB2945BDA}.Debug|Any CPU.ActiveCfg = Debug|Any CPU
		{598932DC-E9D0-4F36-A682-437FB2945BDA}.Debug|Any CPU.Build.0 = Debug|Any CPU
		{598932DC-E9D0-4F36-A682-437FB2945BDA}.Release|Any CPU.ActiveCfg = Release|Any CPU
		{598932DC-E9D0-4F36-A682-437FB2945BDA}.Release|Any CPU.Build.0 = Release|Any CPU
	EndGlobalSection
	GlobalSection(SolutionProperties) = preSolution
		HideSolutionNode = FALSE
	EndGlobalSection
	GlobalSection(ExtensibilityGlobals) = postSolution
		SolutionGuid = {E50E6A09-1EA9-4C8F-8F6B-60C4DA1E6A68}
	EndGlobalSection
EndGlobal
